// !$*UTF8*$!
{
	archiveVersion = 1;
	classes = {
	};
	objectVersion = 77;
	objects = {

/* Begin PBXBuildFile section */
		007DAABA0E82081CC1A43452 /* ThemeManager.swift in Sources */ = {isa = PBXBuildFile; fileRef = B12F569988343C924CA13E48 /* ThemeManager.swift */; };
		291A712AEEFC6F6EAE594950 /* AtollCore in Frameworks */ = {isa = PBXBuildFile; productRef = DCA63E9B25C6E00FB7521746 /* AtollCore */; };
		30716503634C41ED6E5043CF /* NotchRootView.swift in Sources */ = {isa = PBXBuildFile; fileRef = 863F617EC93C4AD1EE1D66AB /* NotchRootView.swift */; };
		3B1235755824486AB3517E62 /* AppDelegate.swift in Sources */ = {isa = PBXBuildFile; fileRef = EC8D4B76107712171AA00DF1 /* AppDelegate.swift */; };
		44ED400805CCF351957FC77E /* NotchPanel.swift in Sources */ = {isa = PBXBuildFile; fileRef = 4F6352E80001F240A38D9ED4 /* NotchPanel.swift */; };
		4855C6EA3EDF4E0B18740EBB /* NotchViewModel.swift in Sources */ = {isa = PBXBuildFile; fileRef = 2C0A782EADE17DD2F27D091F /* NotchViewModel.swift */; };
		86CBDAEFD83701AFABACF70B /* ThemeColors.swift in Sources */ = {isa = PBXBuildFile; fileRef = 17B70C8B8DF43C3E390BBA88 /* ThemeColors.swift */; };
		9384CADA1952545767A77616 /* CompactView.swift in Sources */ = {isa = PBXBuildFile; fileRef = 727A98A713B51773AFAA4FD7 /* CompactView.swift */; };
		D203318A75E0DADE07CFFC34 /* NotchWindowController.swift in Sources */ = {isa = PBXBuildFile; fileRef = 7649AE1A766908A63DB625BD /* NotchWindowController.swift */; };
		D2780368C1E50A97A513462D /* ExpandedView.swift in Sources */ = {isa = PBXBuildFile; fileRef = 8D7C29FEFC2A6234044132FC /* ExpandedView.swift */; };
		D877D93ADF2ABB7E2B79E0D4 /* NotchShape.swift in Sources */ = {isa = PBXBuildFile; fileRef = 767AD58301DCBA7F72596BFD /* NotchShape.swift */; };
		DDC4294E28307A455DE2C6C0 /* AtollApp.swift in Sources */ = {isa = PBXBuildFile; fileRef = F040F0C0F12745206891FE34 /* AtollApp.swift */; };
		E11B392F4BDC5EACD0B9FFFA /* NSScreen+Notch.swift in Sources */ = {isa = PBXBuildFile; fileRef = 200018404E95BBDAA86ADAD6 /* NSScreen+Notch.swift */; };
		EA0652DAF2BB25DBE87F3FCA /* SettingsView.swift in Sources */ = {isa = PBXBuildFile; fileRef = 6F9B3972D3921FD6FCC254DE /* SettingsView.swift */; };
/* End PBXBuildFile section */

/* Begin PBXFileReference section */
		17B70C8B8DF43C3E390BBA88 /* ThemeColors.swift */ = {isa = PBXFileReference; lastKnownFileType = sourcecode.swift; path = ThemeColors.swift; sourceTree = "<group>"; };
		200018404E95BBDAA86ADAD6 /* NSScreen+Notch.swift */ = {isa = PBXFileReference; lastKnownFileType = sourcecode.swift; path = "NSScreen+Notch.swift"; sourceTree = "<group>"; };
		2C0A782EADE17DD2F27D091F /* NotchViewModel.swift */ = {isa = PBXFileReference; lastKnownFileType = sourcecode.swift; path = NotchViewModel.swift; sourceTree = "<group>"; };
		3CB047BF68D543A1DD131425 /* Info.plist */ = {isa = PBXFileReference; lastKnownFileType = text.plist; path = Info.plist; sourceTree = "<group>"; };
		4F6352E80001F240A38D9ED4 /* NotchPanel.swift */ = {isa = PBXFileReference; lastKnownFileType = sourcecode.swift; path = NotchPanel.swift; sourceTree = "<group>"; };
		6F9B3972D3921FD6FCC254DE /* SettingsView.swift */ = {isa = PBXFileReference; lastKnownFileType = sourcecode.swift; path = SettingsView.swift; sourceTree = "<group>"; };
		727A98A713B51773AFAA4FD7 /* CompactView.swift */ = {isa = PBXFileReference; lastKnownFileType = sourcecode.swift; path = CompactView.swift; sourceTree = "<group>"; };
		7649AE1A766908A63DB625BD /* NotchWindowController.swift */ = {isa = PBXFileReference; lastKnownFileType = sourcecode.swift; path = NotchWindowController.swift; sourceTree = "<group>"; };
		767AD58301DCBA7F72596BFD /* NotchShape.swift */ = {isa = PBXFileReference; lastKnownFileType = sourcecode.swift; path = NotchShape.swift; sourceTree = "<group>"; };
		8299E74452A99306822C8760 /* Atoll.app */ = {isa = PBXFileReference; explicitFileType = wrapper.application; includeInIndex = 0; path = Atoll.app; sourceTree = BUILT_PRODUCTS_DIR; };
		863F617EC93C4AD1EE1D66AB /* NotchRootView.swift */ = {isa = PBXFileReference; lastKnownFileType = sourcecode.swift; path = NotchRootView.swift; sourceTree = "<group>"; };
		8D7C29FEFC2A6234044132FC /* ExpandedView.swift */ = {isa = PBXFileReference; lastKnownFileType = sourcecode.swift; path = ExpandedView.swift; sourceTree = "<group>"; };
		9139CB5C44595B08D9E712C0 /* AtollCore */ = {isa = PBXFileReference; lastKnownFileType = folder; name = AtollCore; path = AtollCore; sourceTree = SOURCE_ROOT; };
		B12F569988343C924CA13E48 /* ThemeManager.swift */ = {isa = PBXFileReference; lastKnownFileType = sourcecode.swift; path = ThemeManager.swift; sourceTree = "<group>"; };
		EC8D4B76107712171AA00DF1 /* AppDelegate.swift */ = {isa = PBXFileReference; lastKnownFileType = sourcecode.swift; path = AppDelegate.swift; sourceTree = "<group>"; };
		F040F0C0F12745206891FE34 /* AtollApp.swift */ = {isa = PBXFileReference; lastKnownFileType = sourcecode.swift; path = AtollApp.swift; sourceTree = "<group>"; };
/* End PBXFileReference section */

/* Begin PBXFrameworksBuildPhase section */
		7CCCB915C3188C497FDD7E1C /* Frameworks */ = {
			isa = PBXFrameworksBuildPhase;
			buildActionMask = 2147483647;
			files = (
				291A712AEEFC6F6EAE594950 /* AtollCore in Frameworks */,
			);
			runOnlyForDeploymentPostprocessing = 0;
		};
/* End PBXFrameworksBuildPhase section */

/* Begin PBXGroup section */
		4388DBB98F8F66E4CCF7A04F = {
			isa = PBXGroup;
			children = (
				8F1809B465E422ACA14E6A3F /* App */,
				5291288B2531CFF7F6EFFDBF /* Packages */,
				7F6F70056F8907D519EDE264 /* Products */,
			);
			sourceTree = "<group>";
		};
		5291288B2531CFF7F6EFFDBF /* Packages */ = {
			isa = PBXGroup;
			children = (
				9139CB5C44595B08D9E712C0 /* AtollCore */,
			);
			name = Packages;
			sourceTree = "<group>";
		};
		7F6F70056F8907D519EDE264 /* Products */ = {
			isa = PBXGroup;
			children = (
				8299E74452A99306822C8760 /* Atoll.app */,
			);
			name = Products;
			sourceTree = "<group>";
		};
		8F1809B465E422ACA14E6A3F /* App */ = {
			isa = PBXGroup;
			children = (
				EC8D4B76107712171AA00DF1 /* AppDelegate.swift */,
				F040F0C0F12745206891FE34 /* AtollApp.swift */,
				727A98A713B51773AFAA4FD7 /* CompactView.swift */,
				8D7C29FEFC2A6234044132FC /* ExpandedView.swift */,
				3CB047BF68D543A1DD131425 /* Info.plist */,
				4F6352E80001F240A38D9ED4 /* NotchPanel.swift */,
				863F617EC93C4AD1EE1D66AB /* NotchRootView.swift */,
				767AD58301DCBA7F72596BFD /* NotchShape.swift */,
				2C0A782EADE17DD2F27D091F /* NotchViewModel.swift */,
				7649AE1A766908A63DB625BD /* NotchWindowController.swift */,
				200018404E95BBDAA86ADAD6 /* NSScreen+Notch.swift */,
				6F9B3972D3921FD6FCC254DE /* SettingsView.swift */,
				17B70C8B8DF43C3E390BBA88 /* ThemeColors.swift */,
				B12F569988343C924CA13E48 /* ThemeManager.swift */,
			);
			path = App;
			sourceTree = "<group>";
		};
/* End PBXGroup section */

/* Begin PBXNativeTarget section */
		B24F0D6E3072D7CE7BFB22C2 /* Atoll */ = {
			isa = PBXNativeTarget;
			buildConfigurationList = 54314C6B8BEB7305767AA67F /* Build configuration list for PBXNativeTarget "Atoll" */;
			buildPhases = (
				255C83C151DDC25B6D8EFD70 /* Sources */,
				7CCCB915C3188C497FDD7E1C /* Frameworks */,
			);
			buildRules = (
			);
			dependencies = (
			);
			name = Atoll;
			packageProductDependencies = (
				DCA63E9B25C6E00FB7521746 /* AtollCore */,
			);
			productName = Atoll;
			productReference = 8299E74452A99306822C8760 /* Atoll.app */;
			productType = "com.apple.product-type.application";
		};
/* End PBXNativeTarget section */

/* Begin PBXProject section */
		206026AFBD190EFEF2ED9939 /* Project object */ = {
			isa = PBXProject;
			attributes = {
				BuildIndependentTargetsInParallel = YES;
				LastUpgradeCheck = 1430;
				TargetAttributes = {
					B24F0D6E3072D7CE7BFB22C2 = {
						ProvisioningStyle = Manual;
					};
				};
			};
			buildConfigurationList = D93D14E6E221F4A35E467AD1 /* Build configuration list for PBXProject "Atoll" */;
			developmentRegion = en;
			hasScannedForEncodings = 0;
			knownRegions = (
				Base,
				en,
			);
			mainGroup = 4388DBB98F8F66E4CCF7A04F;
			minimizedProjectReferenceProxies = 1;
			packageReferences = (
				41798F4ADAB7F6C180B62FDE /* XCLocalSwiftPackageReference "AtollCore" */,
			);
			preferredProjectObjectVersion = 77;
			productRefGroup = 7F6F70056F8907D519EDE264 /* Products */;
			projectDirPath = "";
			projectRoot = "";
			targets = (
				B24F0D6E3072D7CE7BFB22C2 /* Atoll */,
			);
		};
/* End PBXProject section */

/* Begin PBXSourcesBuildPhase section */
		255C83C151DDC25B6D8EFD70 /* Sources */ = {
			isa = PBXSourcesBuildPhase;
			buildActionMask = 2147483647;
			files = (
				3B1235755824486AB3517E62 /* AppDelegate.swift in Sources */,
				DDC4294E28307A455DE2C6C0 /* AtollApp.swift in Sources */,
				9384CADA1952545767A77616 /* CompactView.swift in Sources */,
				D2780368C1E50A97A513462D /* ExpandedView.swift in Sources */,
				E11B392F4BDC5EACD0B9FFFA /* NSScreen+Notch.swift in Sources */,
				44ED400805CCF351957FC77E /* NotchPanel.swift in Sources */,
				30716503634C41ED6E5043CF /* NotchRootView.swift in Sources */,
				D877D93ADF2ABB7E2B79E0D4 /* NotchShape.swift in Sources */,
				4855C6EA3EDF4E0B18740EBB /* NotchViewModel.swift in Sources */,
				D203318A75E0DADE07CFFC34 /* NotchWindowController.swift in Sources */,
				EA0652DAF2BB25DBE87F3FCA /* SettingsView.swift in Sources */,
				86CBDAEFD83701AFABACF70B /* ThemeColors.swift in Sources */,
				007DAABA0E82081CC1A43452 /* ThemeManager.swift in Sources */,
			);
			runOnlyForDeploymentPostprocessing = 0;
		};
/* End PBXSourcesBuildPhase section */

/* Begin XCBuildConfiguration section */
		4B26D1A1937E66A8E5145095 /* Release */ = {
			isa = XCBuildConfiguration;
			buildSettings = {
				ASSETCATALOG_COMPILER_APPICON_NAME = AppIcon;
				CODE_SIGN_IDENTITY = "-";
				CODE_SIGN_STYLE = Manual;
				COMBINE_HIDPI_IMAGES = YES;
				CURRENT_PROJECT_VERSION = 1;
				DEAD_CODE_STRIPPING = YES;
				ENABLE_HARDENED_RUNTIME = NO;
				INFOPLIST_FILE = App/Info.plist;
				LD_RUNPATH_SEARCH_PATHS = (
					"$(inherited)",
					"@executable_path/../Frameworks",
				);
				MARKETING_VERSION = 0.1.0;
				PRODUCT_BUNDLE_IDENTIFIER = dev.mehdiguiard.atoll;
				SDKROOT = macosx;
				SWIFT_VERSION = 5.0;
			};
			name = Release;
		};
		5C5EFA2BBDF6127F218DC8C3 /* Release */ = {
			isa = XCBuildConfiguration;
			buildSettings = {
				ALWAYS_SEARCH_USER_PATHS = NO;
				CLANG_ANALYZER_NONNULL = YES;
				CLANG_ANALYZER_NUMBER_OBJECT_CONVERSION = YES_AGGRESSIVE;
				CLANG_CXX_LANGUAGE_STANDARD = "gnu++14";
				CLANG_CXX_LIBRARY = "libc++";
				CLANG_ENABLE_MODULES = YES;
				CLANG_ENABLE_OBJC_ARC = YES;
				CLANG_ENABLE_OBJC_WEAK = YES;
				CLANG_WARN_BLOCK_CAPTURE_AUTORELEASING = YES;
				CLANG_WARN_BOOL_CONVERSION = YES;
				CLANG_WARN_COMMA = YES;
				CLANG_WARN_CONSTANT_CONVERSION = YES;
				CLANG_WARN_DEPRECATED_OBJC_IMPLEMENTATIONS = YES;
				CLANG_WARN_DIRECT_OBJC_ISA_USAGE = YES_ERROR;
				CLANG_WARN_DOCUMENTATION_COMMENTS = YES;
				CLANG_WARN_EMPTY_BODY = YES;
				CLANG_WARN_ENUM_CONVERSION = YES;
				CLANG_WARN_INFINITE_RECURSION = YES;
				CLANG_WARN_INT_CONVERSION = YES;
				CLANG_WARN_NON_LITERAL_NULL_CONVERSION = YES;
				CLANG_WARN_OBJC_IMPLICIT_RETAIN_SELF = YES;
				CLANG_WARN_OBJC_LITERAL_CONVERSION = YES;
				CLANG_WARN_OBJC_ROOT_CLASS = YES_ERROR;
				CLANG_WARN_QUOTED_INCLUDE_IN_FRAMEWORK_HEADER = YES;
				CLANG_WARN_RANGE_LOOP_ANALYSIS = YES;
				CLANG_WARN_STRICT_PROTOTYPES = YES;
				CLANG_WARN_SUSPICIOUS_MOVE = YES;
				CLANG_WARN_UNGUARDED_AVAILABILITY = YES_AGGRESSIVE;
				CLANG_WARN_UNREACHABLE_CODE = YES;
				CLANG_WARN__DUPLICATE_METHOD_MATCH = YES;
				COPY_PHASE_STRIP = NO;
				DEBUG_INFORMATION_FORMAT = "dwarf-with-dsym";
				ENABLE_NS_ASSERTIONS = NO;
				ENABLE_STRICT_OBJC_MSGSEND = YES;
				GCC_C_LANGUAGE_STANDARD = gnu11;
				GCC_NO_COMMON_BLOCKS = YES;
				GCC_WARN_64_TO_32_BIT_CONVERSION = YES;
				GCC_WARN_ABOUT_RETURN_TYPE = YES_ERROR;
				GCC_WARN_UNDECLARED_SELECTOR = YES;
				GCC_WARN_UNINITIALIZED_AUTOS = YES_AGGRESSIVE;
				GCC_WARN_UNUSED_FUNCTION = YES;
				GCC_WARN_UNUSED_VARIABLE = YES;
				MACOSX_DEPLOYMENT_TARGET = 14.0;
				MTL_ENABLE_DEBUG_INFO = NO;
				MTL_FAST_MATH = YES;
				PRODUCT_NAME = "$(TARGET_NAME)";
				SDKROOT = macosx;
				SWIFT_COMPILATION_MODE = wholemodule;
				SWIFT_OPTIMIZATION_LEVEL = "-O";
				SWIFT_VERSION = 5.0;
			};
			name = Release;
		};
		9B864D23E4A5F1DE48679EFE /* Debug */ = {
			isa = XCBuildConfiguration;
			buildSettings = {
				ASSETCATALOG_COMPILER_APPICON_NAME = AppIcon;
				CODE_SIGN_IDENTITY = "-";
				CODE_SIGN_STYLE = Manual;
				COMBINE_HIDPI_IMAGES = YES;
				CURRENT_PROJECT_VERSION = 1;
				DEAD_CODE_STRIPPING = YES;
				ENABLE_HARDENED_RUNTIME = NO;
				INFOPLIST_FILE = App/Info.plist;
				LD_RUNPATH_SEARCH_PATHS = (
					"$(inherited)",
					"@executable_path/../Frameworks",
				);
				MARKETING_VERSION = 0.1.0;
				PRODUCT_BUNDLE_IDENTIFIER = dev.mehdiguiard.atoll;
				SDKROOT = macosx;
				SWIFT_VERSION = 5.0;
			};
			name = Debug;
		};
		E551DCC06A73CA71A24321CE /* Debug */ = {
			isa = XCBuildConfiguration;
			buildSettings = {
				ALWAYS_SEARCH_USER_PATHS = NO;
				CLANG_ANALYZER_NONNULL = YES;
				CLANG_ANALYZER_NUMBER_OBJECT_CONVERSION = YES_AGGRESSIVE;
				CLANG_CXX_LANGUAGE_STANDARD = "gnu++14";
				CLANG_CXX_LIBRARY = "libc++";
				CLANG_ENABLE_MODULES = YES;
				CLANG_ENABLE_OBJC_ARC = YES;
				CLANG_ENABLE_OBJC_WEAK = YES;
				CLANG_WARN_BLOCK_CAPTURE_AUTORELEASING = YES;
				CLANG_WARN_BOOL_CONVERSION = YES;
				CLANG_WARN_COMMA = YES;
				CLANG_WARN_CONSTANT_CONVERSION = YES;
				CLANG_WARN_DEPRECATED_OBJC_IMPLEMENTATIONS = YES;
				CLANG_WARN_DIRECT_OBJC_ISA_USAGE = YES_ERROR;
				CLANG_WARN_DOCUMENTATION_COMMENTS = YES;
				CLANG_WARN_EMPTY_BODY = YES;
				CLANG_WARN_ENUM_CONVERSION = YES;
				CLANG_WARN_INFINITE_RECURSION = YES;
				CLANG_WARN_INT_CONVERSION = YES;
				CLANG_WARN_NON_LITERAL_NULL_CONVERSION = YES;
				CLANG_WARN_OBJC_IMPLICIT_RETAIN_SELF = YES;
				CLANG_WARN_OBJC_LITERAL_CONVERSION = YES;
				CLANG_WARN_OBJC_ROOT_CLASS = YES_ERROR;
				CLANG_WARN_QUOTED_INCLUDE_IN_FRAMEWORK_HEADER = YES;
				CLANG_WARN_RANGE_LOOP_ANALYSIS = YES;
				CLANG_WARN_STRICT_PROTOTYPES = YES;
				CLANG_WARN_SUSPICIOUS_MOVE = YES;
				CLANG_WARN_UNGUARDED_AVAILABILITY = YES_AGGRESSIVE;
				CLANG_WARN_UNREACHABLE_CODE = YES;
				CLANG_WARN__DUPLICATE_METHOD_MATCH = YES;
				COPY_PHASE_STRIP = NO;
				DEBUG_INFORMATION_FORMAT = dwarf;
				ENABLE_STRICT_OBJC_MSGSEND = YES;
				ENABLE_TESTABILITY = YES;
				GCC_C_LANGUAGE_STANDARD = gnu11;
				GCC_DYNAMIC_NO_PIC = NO;
				GCC_NO_COMMON_BLOCKS = YES;
				GCC_OPTIMIZATION_LEVEL = 0;
				GCC_PREPROCESSOR_DEFINITIONS = (
					"$(inherited)",
					"DEBUG=1",
				);
				GCC_WARN_64_TO_32_BIT_CONVERSION = YES;
				GCC_WARN_ABOUT_RETURN_TYPE = YES_ERROR;
				GCC_WARN_UNDECLARED_SELECTOR = YES;
				GCC_WARN_UNINITIALIZED_AUTOS = YES_AGGRESSIVE;
				GCC_WARN_UNUSED_FUNCTION = YES;
				GCC_WARN_UNUSED_VARIABLE = YES;
				MACOSX_DEPLOYMENT_TARGET = 14.0;
				MTL_ENABLE_DEBUG_INFO = INCLUDE_SOURCE;
				MTL_FAST_MATH = YES;
				ONLY_ACTIVE_ARCH = YES;
				PRODUCT_NAME = "$(TARGET_NAME)";
				SDKROOT = macosx;
				SWIFT_ACTIVE_COMPILATION_CONDITIONS = DEBUG;
				SWIFT_OPTIMIZATION_LEVEL = "-Onone";
				SWIFT_VERSION = 5.0;
			};
			name = Debug;
		};
/* End XCBuildConfiguration section */

/* Begin XCConfigurationList section */
		54314C6B8BEB7305767AA67F /* Build configuration list for PBXNativeTarget "Atoll" */ = {
			isa = XCConfigurationList;
			buildConfigurations = (
				9B864D23E4A5F1DE48679EFE /* Debug */,
				4B26D1A1937E66A8E5145095 /* Release */,
			);
			defaultConfigurationIsVisible = 0;
			defaultConfigurationName = Debug;
		};
		D93D14E6E221F4A35E467AD1 /* Build configuration list for PBXProject "Atoll" */ = {
			isa = XCConfigurationList;
			buildConfigurations = (
				E551DCC06A73CA71A24321CE /* Debug */,
				5C5EFA2BBDF6127F218DC8C3 /* Release */,
			);
			defaultConfigurationIsVisible = 0;
			defaultConfigurationName = Debug;
		};
/* End XCConfigurationList section */

/* Begin XCLocalSwiftPackageReference section */
		41798F4ADAB7F6C180B62FDE /* XCLocalSwiftPackageReference "AtollCore" */ = {
			isa = XCLocalSwiftPackageReference;
			relativePath = AtollCore;
		};
/* End XCLocalSwiftPackageReference section */

/* Begin XCSwiftPackageProductDependency section */
		DCA63E9B25C6E00FB7521746 /* AtollCore */ = {
			isa = XCSwiftPackageProductDependency;
			productName = AtollCore;
		};
/* End XCSwiftPackageProductDependency section */
	};
	rootObject = 206026AFBD190EFEF2ED9939 /* Project object */;
}
